{
  "name": "ajs_node",
  "version": "1.0.0",
  "lockfileVersion": 3,
  "requires": true,
  "packages": {
    "": {
      "name": "ajs_node",
      "version": "1.0.0",
      "license": "ISC",
      "dependencies": {
        "@d3m1g/ajs": "^1.0.1"
      }
    },
    "node_modules/@d3m1g/ajs": {
      "version": "1.0.1",
      "resolved": "https://npm.pkg.github.com/download/@d3m1g/ajs/1.0.1/303426b283f45dc0b9cf92e92c8f406d8eee6f85",
      "integrity": "sha512-n5wavkzimSFGyfSvpW3oE8ZzVpSe5KMPBjEMDtpzGceEiK82fbjCCMBBB+WGYEIMwi6sr3RhZ39lA13zIIVIpQ==",
      "license": "ISC"
    }
  }
}
